
Microsoft Visual Studio Solution File, Format Version 12.00
# Visual Studio 15
VisualStudioVersion = 15.0.28307.705
MinimumVisualStudioVersion = 10.0.40219.1
Project("{9A19103F-16F7-4668-BE54-9A1E7A4F7556}") = "QuizNight", "QuizNight\QuizNight.csproj", "{2E5FDC87-6472-425E-8E91-1D99FFD4127B}"
EndProject
Project("{9A19103F-16F7-4668-BE54-9A1E7A4F7556}") = "Quiz.Core", "Quiz.Core\Quiz.Core.csproj", "{C75D351D-F879-4E93-A954-AB46317072A4}"
EndProject
Project("{9A19103F-16F7-4668-BE54-9A1E7A4F7556}") = "Quiz.Data", "Quiz.Data\Quiz.Data.csproj", "{2E301168-9CA3-4FF4-9CE8-05513E4CC8B0}"
EndProject
Project("{FAE04EC0-301F-11D3-BF4B-00C04F79EFBC}") = "QuizNight.Services", "QuizNight.Services\QuizNight.Services.csproj", "{953FE4BF-5139-4736-A3C5-F807CC90DC47}"
EndProject
Global
	GlobalSection(SolutionConfigurationPlatforms) = preSolution
		Debug|Any CPU = Debug|Any CPU
		Release|Any CPU = Release|Any CPU
	EndGlobalSection
	GlobalSection(ProjectConfigurationPlatforms) = postSolution
		{2E5FDC87-6472-425E-8E91-1D99FFD4127B}.Debug|Any CPU.ActiveCfg = Debug|Any CPU
		{2E5FDC87-6472-425E-8E91-1D99FFD4127B}.Debug|Any CPU.Build.0 = Debug|Any CPU
		{2E5FDC87-6472-425E-8E91-1D99FFD4127B}.Release|Any CPU.ActiveCfg = Release|Any CPU
		{2E5FDC87-6472-425E-8E91-1D99FFD4127B}.Release|Any CPU.Build.0 = Release|Any CPU
		{C75D351D-F879-4E93-A954-AB46317072A4}.Debug|Any CPU.ActiveCfg = Debug|Any CPU
		{C75D351D-F879-4E93-A954-AB46317072A4}.Debug|Any CPU.Build.0 = Debug|Any CPU
		{C75D351D-F879-4E93-A954-AB46317072A4}.Release|Any CPU.ActiveCfg = Release|Any CPU
		{C75D351D-F879-4E93-A954-AB46317072A4}.Release|Any CPU.Build.0 = Release|Any CPU
		{2E301168-9CA3-4FF4-9CE8-05513E4CC8B0}.Debug|Any CPU.ActiveCfg = Debug|Any CPU
		{2E301168-9CA3-4FF4-9CE8-05513E4CC8B0}.Debug|Any CPU.Build.0 = Debug|Any CPU
		{2E301168-9CA3-4FF4-9CE8-05513E4CC8B0}.Release|Any CPU.ActiveCfg = Release|Any CPU
		{2E301168-9CA3-4FF4-9CE8-05513E4CC8B0}.Release|Any CPU.Build.0 = Release|Any CPU
		{953FE4BF-5139-4736-A3C5-F807CC90DC47}.Debug|Any CPU.ActiveCfg = Debug|Any CPU
		{953FE4BF-5139-4736-A3C5-F807CC90DC47}.Debug|Any CPU.Build.0 = Debug|Any CPU
		{953FE4BF-5139-4736-A3C5-F807CC90DC47}.Release|Any CPU.ActiveCfg = Release|Any CPU
		{953FE4BF-5139-4736-A3C5-F807CC90DC47}.Release|Any CPU.Build.0 = Release|Any CPU
	EndGlobalSection
	GlobalSection(SolutionProperties) = preSolution
		HideSolutionNode = FALSE
	EndGlobalSection
	GlobalSection(ExtensibilityGlobals) = postSolution
		SolutionGuid = {AD45E4EA-F360-4148-90C8-25500BF33937}
	EndGlobalSection
EndGlobal
