
Microsoft Visual Studio Solution File, Format Version 12.00
# Visual Studio Version 16
VisualStudioVersion = 16.0.29728.190
MinimumVisualStudioVersion = 10.0.40219.1
Project("{9A19103F-16F7-4668-BE54-9A1E7A4F7556}") = "QuizNight", "QuizNight\QuizNight.csproj", "{2E5FDC87-6472-425E-8E91-1D99FFD4127B}"
EndProject
Project("{9A19103F-16F7-4668-BE54-9A1E7A4F7556}") = "Quiz.Core", "Quiz.Core\Quiz.Core.csproj", "{C75D351D-F879-4E93-A954-AB46317072A4}"
EndProject
Project("{9A19103F-16F7-4668-BE54-9A1E7A4F7556}") = "Quiz.Data", "Quiz.Data\Quiz.Data.csproj", "{2E301168-9CA3-4FF4-9CE8-05513E4CC8B0}"
EndProject
Project("{9A19103F-16F7-4668-BE54-9A1E7A4F7556}") = "QuizNight.Services", "QuizNight.Services\QuizNight.Services.csproj", "{953FE4BF-5139-4736-A3C5-F807CC90DC47}"
EndProject
Project("{2150E333-8FDC-42A3-9474-1A3956D46DE8}") = "1.UIL", "1.UIL", "{83DE6357-4B1E-4EB6-A61B-7F1B72DC001C}"
EndProject
Project("{2150E333-8FDC-42A3-9474-1A3956D46DE8}") = "Web", "Web", "{BF7D4805-64C6-4D87-88B0-8EF7155DB003}"
EndProject
Project("{2150E333-8FDC-42A3-9474-1A3956D46DE8}") = "3.DAL", "3.DAL", "{EC679004-B12E-441A-B70F-3B321A397D8B}"
EndProject
Project("{2150E333-8FDC-42A3-9474-1A3956D46DE8}") = "2.BLL", "2.BLL", "{1C6373D2-FDD3-4C60-8855-400BCD467FA5}"
EndProject
Project("{2150E333-8FDC-42A3-9474-1A3956D46DE8}") = "4.Service", "4.Service", "{E6A5C49C-2247-47D1-AB9B-3921A9E3AADD}"
EndProject
Project("{9A19103F-16F7-4668-BE54-9A1E7A4F7556}") = "DALEF", "DALEF\DALEF.csproj", "{1DB566BA-7D44-4C3F-81D1-0CEECD53AFBC}"
EndProject
Global
	GlobalSection(SolutionConfigurationPlatforms) = preSolution
		Debug|Any CPU = Debug|Any CPU
		Release|Any CPU = Release|Any CPU
	EndGlobalSection
	GlobalSection(ProjectConfigurationPlatforms) = postSolution
		{2E5FDC87-6472-425E-8E91-1D99FFD4127B}.Debug|Any CPU.ActiveCfg = Debug|Any CPU
		{2E5FDC87-6472-425E-8E91-1D99FFD4127B}.Debug|Any CPU.Build.0 = Debug|Any CPU
		{2E5FDC87-6472-425E-8E91-1D99FFD4127B}.Release|Any CPU.ActiveCfg = Release|Any CPU
		{2E5FDC87-6472-425E-8E91-1D99FFD4127B}.Release|Any CPU.Build.0 = Release|Any CPU
		{C75D351D-F879-4E93-A954-AB46317072A4}.Debug|Any CPU.ActiveCfg = Debug|Any CPU
		{C75D351D-F879-4E93-A954-AB46317072A4}.Debug|Any CPU.Build.0 = Debug|Any CPU
		{C75D351D-F879-4E93-A954-AB46317072A4}.Release|Any CPU.ActiveCfg = Release|Any CPU
		{C75D351D-F879-4E93-A954-AB46317072A4}.Release|Any CPU.Build.0 = Release|Any CPU
		{2E301168-9CA3-4FF4-9CE8-05513E4CC8B0}.Debug|Any CPU.ActiveCfg = Debug|Any CPU
		{2E301168-9CA3-4FF4-9CE8-05513E4CC8B0}.Debug|Any CPU.Build.0 = Debug|Any CPU
		{2E301168-9CA3-4FF4-9CE8-05513E4CC8B0}.Release|Any CPU.ActiveCfg = Release|Any CPU
		{2E301168-9CA3-4FF4-9CE8-05513E4CC8B0}.Release|Any CPU.Build.0 = Release|Any CPU
		{953FE4BF-5139-4736-A3C5-F807CC90DC47}.Debug|Any CPU.ActiveCfg = Debug|Any CPU
		{953FE4BF-5139-4736-A3C5-F807CC90DC47}.Debug|Any CPU.Build.0 = Debug|Any CPU
		{953FE4BF-5139-4736-A3C5-F807CC90DC47}.Release|Any CPU.ActiveCfg = Release|Any CPU
		{953FE4BF-5139-4736-A3C5-F807CC90DC47}.Release|Any CPU.Build.0 = Release|Any CPU
		{1DB566BA-7D44-4C3F-81D1-0CEECD53AFBC}.Debug|Any CPU.ActiveCfg = Debug|Any CPU
		{1DB566BA-7D44-4C3F-81D1-0CEECD53AFBC}.Debug|Any CPU.Build.0 = Debug|Any CPU
		{1DB566BA-7D44-4C3F-81D1-0CEECD53AFBC}.Release|Any CPU.ActiveCfg = Release|Any CPU
		{1DB566BA-7D44-4C3F-81D1-0CEECD53AFBC}.Release|Any CPU.Build.0 = Release|Any CPU
	EndGlobalSection
	GlobalSection(SolutionProperties) = preSolution
		HideSolutionNode = FALSE
	EndGlobalSection
	GlobalSection(NestedProjects) = preSolution
		{2E5FDC87-6472-425E-8E91-1D99FFD4127B} = {BF7D4805-64C6-4D87-88B0-8EF7155DB003}
		{C75D351D-F879-4E93-A954-AB46317072A4} = {1C6373D2-FDD3-4C60-8855-400BCD467FA5}
		{2E301168-9CA3-4FF4-9CE8-05513E4CC8B0} = {EC679004-B12E-441A-B70F-3B321A397D8B}
		{953FE4BF-5139-4736-A3C5-F807CC90DC47} = {E6A5C49C-2247-47D1-AB9B-3921A9E3AADD}
		{BF7D4805-64C6-4D87-88B0-8EF7155DB003} = {83DE6357-4B1E-4EB6-A61B-7F1B72DC001C}
		{1DB566BA-7D44-4C3F-81D1-0CEECD53AFBC} = {EC679004-B12E-441A-B70F-3B321A397D8B}
	EndGlobalSection
	GlobalSection(ExtensibilityGlobals) = postSolution
		SolutionGuid = {AD45E4EA-F360-4148-90C8-25500BF33937}
	EndGlobalSection
EndGlobal
